
Microsoft Visual Studio Solution File, Format Version 12.00
# Visual Studio Version 17
VisualStudioVersion = 17.7.34031.279
MinimumVisualStudioVersion = 10.0.40219.1
Project("{FAE04EC0-301F-11D3-BF4B-00C04F79EFBC}") = "калькулятор", "калькулятор\калькулятор.csproj", "{4E639ED1-162C-44BB-AFCF-0779A3DCC095}"
EndProject
Global
	GlobalSection(SolutionConfigurationPlatforms) = preSolution
		Debug|Any CPU = Debug|Any CPU
		Release|Any CPU = Release|Any CPU
	EndGlobalSection
	GlobalSection(ProjectConfigurationPlatforms) = postSolution
		{4E639ED1-162C-44BB-AFCF-0779A3DCC095}.Debug|Any CPU.ActiveCfg = Debug|Any CPU
		{4E639ED1-162C-44BB-AFCF-0779A3DCC095}.Debug|Any CPU.Build.0 = Debug|Any CPU
		{4E639ED1-162C-44BB-AFCF-0779A3DCC095}.Release|Any CPU.ActiveCfg = Release|Any CPU
		{4E639ED1-162C-44BB-AFCF-0779A3DCC095}.Release|Any CPU.Build.0 = Release|Any CPU
	EndGlobalSection
	GlobalSection(SolutionProperties) = preSolution
		HideSolutionNode = FALSE
	EndGlobalSection
	GlobalSection(ExtensibilityGlobals) = postSolution
		SolutionGuid = {3AD3CE81-428B-4569-9F1E-255400854082}
	EndGlobalSection
EndGlobal
